
Microsoft Visual Studio Solution File, Format Version 12.00
# Visual Studio Version 17
VisualStudioVersion = 17.2.32526.322
MinimumVisualStudioVersion = 10.0.40219.1
Project("{FAE04EC0-301F-11D3-BF4B-00C04F79EFBC}") = "DiabloTblConverter", "DiabloTblConverter\DiabloTblConverter.csproj", "{12AF195A-A0E6-4441-A8FF-8BF3E861EBD1}"
EndProject
Global
	GlobalSection(SolutionConfigurationPlatforms) = preSolution
		Debug|Any CPU = Debug|Any CPU
		Release|Any CPU = Release|Any CPU
	EndGlobalSection
	GlobalSection(ProjectConfigurationPlatforms) = postSolution
		{12AF195A-A0E6-4441-A8FF-8BF3E861EBD1}.Debug|Any CPU.ActiveCfg = Debug|Any CPU
		{12AF195A-A0E6-4441-A8FF-8BF3E861EBD1}.Debug|Any CPU.Build.0 = Debug|Any CPU
		{12AF195A-A0E6-4441-A8FF-8BF3E861EBD1}.Release|Any CPU.ActiveCfg = Release|Any CPU
		{12AF195A-A0E6-4441-A8FF-8BF3E861EBD1}.Release|Any CPU.Build.0 = Release|Any CPU
	EndGlobalSection
	GlobalSection(SolutionProperties) = preSolution
		HideSolutionNode = FALSE
	EndGlobalSection
	GlobalSection(ExtensibilityGlobals) = postSolution
		SolutionGuid = {7E565611-B420-43B0-9671-17E080040F96}
	EndGlobalSection
EndGlobal
